
Microsoft Visual Studio Solution File, Format Version 12.00
# Visual Studio Version 17
VisualStudioVersion = 17.14.36310.24 d17.14
MinimumVisualStudioVersion = 10.0.40219.1
Project("{FAE04EC0-301F-11D3-BF4B-00C04F79EFBC}") = "Agent.AppConfiguration", "Agent.AppConfiguration.csproj", "{37E91C9C-CB53-4076-8341-F6C9347DEFA3}"
EndProject
Global
	GlobalSection(SolutionConfigurationPlatforms) = preSolution
		Debug|Any CPU = Debug|Any CPU
		Release|Any CPU = Release|Any CPU
	EndGlobalSection
	GlobalSection(ProjectConfigurationPlatforms) = postSolution
		{37E91C9C-CB53-4076-8341-F6C9347DEFA3}.Debug|Any CPU.ActiveCfg = Debug|Any CPU
		{37E91C9C-CB53-4076-8341-F6C9347DEFA3}.Debug|Any CPU.Build.0 = Debug|Any CPU
		{37E91C9C-CB53-4076-8341-F6C9347DEFA3}.Release|Any CPU.ActiveCfg = Release|Any CPU
		{37E91C9C-CB53-4076-8341-F6C9347DEFA3}.Release|Any CPU.Build.0 = Release|Any CPU
	EndGlobalSection
	GlobalSection(SolutionProperties) = preSolution
		HideSolutionNode = FALSE
	EndGlobalSection
	GlobalSection(ExtensibilityGlobals) = postSolution
		SolutionGuid = {833898FF-6235-42D1-80D8-72ED4954492A}
	EndGlobalSection
EndGlobal
